
Microsoft Visual Studio Solution File, Format Version 12.00
# Visual Studio Version 17
VisualStudioVersion = 17.3.32901.215
MinimumVisualStudioVersion = 10.0.40219.1
Project("{9A19103F-16F7-4668-BE54-9A1E7A4F7556}") = "CabInvoiceGenerator", "CabInvoiceGenerator.csproj", "{F6DF7994-9AE6-4720-81C9-0005497DE3B6}"
EndProject
Project("{FAE04EC0-301F-11D3-BF4B-00C04F79EFBC}") = "CabInvoiceTests", "..\CabInvoiceTests\CabInvoiceTests.csproj", "{0E17A737-EC27-440C-BD43-892AB7D44C09}"
EndProject
Global
	GlobalSection(SolutionConfigurationPlatforms) = preSolution
		Debug|Any CPU = Debug|Any CPU
		Release|Any CPU = Release|Any CPU
	EndGlobalSection
	GlobalSection(ProjectConfigurationPlatforms) = postSolution
		{F6DF7994-9AE6-4720-81C9-0005497DE3B6}.Debug|Any CPU.ActiveCfg = Debug|Any CPU
		{F6DF7994-9AE6-4720-81C9-0005497DE3B6}.Debug|Any CPU.Build.0 = Debug|Any CPU
		{F6DF7994-9AE6-4720-81C9-0005497DE3B6}.Release|Any CPU.ActiveCfg = Release|Any CPU
		{F6DF7994-9AE6-4720-81C9-0005497DE3B6}.Release|Any CPU.Build.0 = Release|Any CPU
		{0E17A737-EC27-440C-BD43-892AB7D44C09}.Debug|Any CPU.ActiveCfg = Debug|Any CPU
		{0E17A737-EC27-440C-BD43-892AB7D44C09}.Debug|Any CPU.Build.0 = Debug|Any CPU
		{0E17A737-EC27-440C-BD43-892AB7D44C09}.Release|Any CPU.ActiveCfg = Release|Any CPU
		{0E17A737-EC27-440C-BD43-892AB7D44C09}.Release|Any CPU.Build.0 = Release|Any CPU
	EndGlobalSection
	GlobalSection(SolutionProperties) = preSolution
		HideSolutionNode = FALSE
	EndGlobalSection
	GlobalSection(ExtensibilityGlobals) = postSolution
		SolutionGuid = {65832773-8A05-4A88-9F1D-49BBD4806B3E}
	EndGlobalSection
EndGlobal
